<?xml version="1.0" encoding="utf-8"?>
<Project ToolsVersion="4.0" xmlns="http://schemas.microsoft.com/developer/msbuild/2003">
  <ItemGroup>
    <ClCompile Include="Triangle\Source\Triangle.cpp">
      <Filter>Base\Head</Filter>
    </ClCompile>
    <ClCompile Include="Base\Source\Launcher.cpp">
      <Filter>Base\Source</Filter>
    </ClCompile>
    <ClCompile Include="Base\Source\VulkanBuffer.cpp">
      <Filter>Base\Source</Filter>
    </ClCompile>
    <ClCompile Include="Base\Source\VulkanDebug.cpp">
      <Filter>Base\Source</Filter>
    </ClCompile>
    <ClCompile Include="Base\Source\VulkanDevice.cpp">
      <Filter>Base\Source</Filter>
    </ClCompile>
    <ClCompile Include="Base\Source\VulkanglTFModel.cpp">
      <Filter>Base\Source</Filter>
    </ClCompile>
    <ClCompile Include="Base\Source\VulkanSwapChain.cpp">
      <Filter>Base\Source</Filter>
    </ClCompile>
    <ClCompile Include="Base\Source\VulkanTexture.cpp">
      <Filter>Base\Source</Filter>
    </ClCompile>
    <ClCompile Include="Base\Source\VulkanTools.cpp">
      <Filter>Base\Source</Filter>
    </ClCompile>
    <ClCompile Include="Base\Source\VulkanUIOverlay.cpp">
      <Filter>Base\Source</Filter>
    </ClCompile>
    <ClCompile Include="Base\Source\VulkanExampleBase.cpp">
      <Filter>Triangle\Source</Filter>
    </ClCompile>
    <ClCompile Include="..\External\ktx\lib\texture.c">
      <Filter>Base\Source\Ktx</Filter>
    </ClCompile>
    <ClCompile Include="..\External\ktx\lib\swap.c">
      <Filter>Base\Source\Ktx</Filter>
    </ClCompile>
    <ClCompile Include="..\External\ktx\lib\memstream.c">
      <Filter>Base\Source\Ktx</Filter>
    </ClCompile>
    <ClCompile Include="..\External\imgui\imgui.cpp">
      <Filter>Base\Source\IMGUI</Filter>
    </ClCompile>
    <ClCompile Include="..\External\imgui\imgui_demo.cpp">
      <Filter>Base\Source\IMGUI</Filter>
    </ClCompile>
    <ClCompile Include="..\External\imgui\imgui_draw.cpp">
      <Filter>Base\Source\IMGUI</Filter>
    </ClCompile>
    <ClCompile Include="..\External\imgui\imgui_widgets.cpp">
      <Filter>Base\Source\IMGUI</Filter>
    </ClCompile>
    <ClCompile Include="..\External\ktx\lib\checkheader.c">
      <Filter>Base\Source\Ktx</Filter>
    </ClCompile>
    <ClCompile Include="..\External\ktx\lib\filestream.c">
      <Filter>Base\Source\Ktx</Filter>
    </ClCompile>
    <ClCompile Include="..\External\ktx\lib\hashlist.c">
      <Filter>Base\Source\Ktx</Filter>
    </ClCompile>
    <ClCompile Include="..\External\ktx\lib\vkloader.c">
      <Filter>Base\Source\Ktx</Filter>
    </ClCompile>
  </ItemGroup>
  <ItemGroup>
    <ClInclude Include="Base\Head\benchmark.hpp">
      <Filter>Base\Head</Filter>
    </ClInclude>
    <ClInclude Include="Base\Head\Camera.hpp">
      <Filter>Base\Head</Filter>
    </ClInclude>
    <ClInclude Include="Base\Head\CommandLineParser.hpp">
      <Filter>Base\Head</Filter>
    </ClInclude>
    <ClInclude Include="Base\Head\Entrypoints.h">
      <Filter>Base\Head</Filter>
    </ClInclude>
    <ClInclude Include="Base\Head\frustum.hpp">
      <Filter>Base\Head</Filter>
    </ClInclude>
    <ClInclude Include="Base\Head\keycodes.hpp">
      <Filter>Base\Head</Filter>
    </ClInclude>
    <ClInclude Include="Base\Head\threadpool.hpp">
      <Filter>Base\Head</Filter>
    </ClInclude>
    <ClInclude Include="Base\Head\VulkanBuffer.h">
      <Filter>Base\Head</Filter>
    </ClInclude>
    <ClInclude Include="Base\Head\VulkanDebug.h">
      <Filter>Base\Head</Filter>
    </ClInclude>
    <ClInclude Include="Base\Head\VulkanDevice.h">
      <Filter>Base\Head</Filter>
    </ClInclude>
    <ClInclude Include="Base\Head\VulkanExampleBase.h">
      <Filter>Base\Head</Filter>
    </ClInclude>
    <ClInclude Include="Base\Head\VulkanglTFModel.h">
      <Filter>Base\Head</Filter>
    </ClInclude>
    <ClInclude Include="Base\Head\VulkanSwapChain.h">
      <Filter>Base\Head</Filter>
    </ClInclude>
    <ClInclude Include="Base\Head\VulkanTexture.h">
      <Filter>Base\Head</Filter>
    </ClInclude>
    <ClInclude Include="Base\Head\VulkanTools.h">
      <Filter>Base\Head</Filter>
    </ClInclude>
    <ClInclude Include="Base\Head\VulkanUIOverlay.h">
      <Filter>Base\Head</Filter>
    </ClInclude>
    <ClInclude Include="Base\Head\VulkanFrameBuffer.hpp">
      <Filter>Base\Source</Filter>
    </ClInclude>
    <ClInclude Include="Base\Head\VulkanInitializers.hpp">
      <Filter>Base\Source</Filter>
    </ClInclude>
    <ClInclude Include="Triangle\Head\Triangle.h">
      <Filter>Triangle\Head</Filter>
    </ClInclude>
  </ItemGroup>
  <ItemGroup>
    <Filter Include="Base">
      <UniqueIdentifier>{20fe3ac9-b1a8-4e99-948f-018b71f97586}</UniqueIdentifier>
    </Filter>
    <Filter Include="Base\Head">
      <UniqueIdentifier>{1ec8fcd2-c215-4254-8866-541c97aefbe4}</UniqueIdentifier>
    </Filter>
    <Filter Include="Base\Source">
      <UniqueIdentifier>{c52aeb20-e364-4d0f-8dbd-fbf35dcf975e}</UniqueIdentifier>
    </Filter>
    <Filter Include="Triangle">
      <UniqueIdentifier>{10f67658-795e-412e-88c1-ffef21f2a5bd}</UniqueIdentifier>
    </Filter>
    <Filter Include="Triangle\Head">
      <UniqueIdentifier>{1fbfd466-fc20-4637-bc4d-3bab344d9e32}</UniqueIdentifier>
    </Filter>
    <Filter Include="Triangle\Source">
      <UniqueIdentifier>{950f9702-0441-4b35-acaa-fa3333c40579}</UniqueIdentifier>
    </Filter>
    <Filter Include="Triangle\Shaders">
      <UniqueIdentifier>{ff38e25c-3863-4137-9f3b-33b6145be000}</UniqueIdentifier>
    </Filter>
    <Filter Include="Base\Source\Ktx">
      <UniqueIdentifier>{65d3d314-f154-4800-b11c-8a824f29e3b7}</UniqueIdentifier>
    </Filter>
    <Filter Include="Base\Source\IMGUI">
      <UniqueIdentifier>{1505abb3-8d1c-494b-a219-e93a8fb4b18e}</UniqueIdentifier>
    </Filter>
  </ItemGroup>
  <ItemGroup>
    <None Include="..\shaders\glsl\triangle\triangle.frag">
      <Filter>Triangle\Shaders</Filter>
    </None>
    <None Include="..\shaders\glsl\triangle\triangle.vert">
      <Filter>Triangle\Shaders</Filter>
    </None>
  </ItemGroup>
</Project>